
Microsoft Visual Studio Solution File, Format Version 12.00
# Visual Studio Version 17
VisualStudioVersion = 17.3.32804.467
MinimumVisualStudioVersion = 10.0.40219.1
Project("{9A19103F-16F7-4668-BE54-9A1E7A4F7556}") = "DataAccess", "DataAccess\DataAccess.csproj", "{18F8EDDA-8A56-4647-AC13-F0105CEDDE7A}"
EndProject
Project("{9A19103F-16F7-4668-BE54-9A1E7A4F7556}") = "Business", "Business\Business.csproj", "{31C8E9EC-95D1-4CA9-8603-721203FB981D}"
EndProject
Project("{9A19103F-16F7-4668-BE54-9A1E7A4F7556}") = "Entities", "Entities\Entities.csproj", "{F4E2BA24-CAEC-4D3F-AA04-73E11E964CD8}"
EndProject
Project("{9A19103F-16F7-4668-BE54-9A1E7A4F7556}") = "ConsoleUI", "ConsoleUI\ConsoleUI.csproj", "{0283D118-21E5-4937-85F8-5F94F1492818}"
EndProject
Project("{9A19103F-16F7-4668-BE54-9A1E7A4F7556}") = "Core", "Core\Core.csproj", "{C74A0F9A-1D66-4AEE-B416-B74F8579AA53}"
EndProject
Project("{FAE04EC0-301F-11D3-BF4B-00C04F79EFBC}") = "WebAPI", "WebAPI\WebAPI.csproj", "{8DD792A0-933F-4DFC-AFAD-DC21F3DFFABC}"
EndProject
Global
	GlobalSection(SolutionConfigurationPlatforms) = preSolution
		Debug|Any CPU = Debug|Any CPU
		Release|Any CPU = Release|Any CPU
	EndGlobalSection
	GlobalSection(ProjectConfigurationPlatforms) = postSolution
		{18F8EDDA-8A56-4647-AC13-F0105CEDDE7A}.Debug|Any CPU.ActiveCfg = Debug|Any CPU
		{18F8EDDA-8A56-4647-AC13-F0105CEDDE7A}.Debug|Any CPU.Build.0 = Debug|Any CPU
		{18F8EDDA-8A56-4647-AC13-F0105CEDDE7A}.Release|Any CPU.ActiveCfg = Release|Any CPU
		{18F8EDDA-8A56-4647-AC13-F0105CEDDE7A}.Release|Any CPU.Build.0 = Release|Any CPU
		{31C8E9EC-95D1-4CA9-8603-721203FB981D}.Debug|Any CPU.ActiveCfg = Debug|Any CPU
		{31C8E9EC-95D1-4CA9-8603-721203FB981D}.Debug|Any CPU.Build.0 = Debug|Any CPU
		{31C8E9EC-95D1-4CA9-8603-721203FB981D}.Release|Any CPU.ActiveCfg = Release|Any CPU
		{31C8E9EC-95D1-4CA9-8603-721203FB981D}.Release|Any CPU.Build.0 = Release|Any CPU
		{F4E2BA24-CAEC-4D3F-AA04-73E11E964CD8}.Debug|Any CPU.ActiveCfg = Debug|Any CPU
		{F4E2BA24-CAEC-4D3F-AA04-73E11E964CD8}.Debug|Any CPU.Build.0 = Debug|Any CPU
		{F4E2BA24-CAEC-4D3F-AA04-73E11E964CD8}.Release|Any CPU.ActiveCfg = Release|Any CPU
		{F4E2BA24-CAEC-4D3F-AA04-73E11E964CD8}.Release|Any CPU.Build.0 = Release|Any CPU
		{0283D118-21E5-4937-85F8-5F94F1492818}.Debug|Any CPU.ActiveCfg = Debug|Any CPU
		{0283D118-21E5-4937-85F8-5F94F1492818}.Debug|Any CPU.Build.0 = Debug|Any CPU
		{0283D118-21E5-4937-85F8-5F94F1492818}.Release|Any CPU.ActiveCfg = Release|Any CPU
		{0283D118-21E5-4937-85F8-5F94F1492818}.Release|Any CPU.Build.0 = Release|Any CPU
		{C74A0F9A-1D66-4AEE-B416-B74F8579AA53}.Debug|Any CPU.ActiveCfg = Debug|Any CPU
		{C74A0F9A-1D66-4AEE-B416-B74F8579AA53}.Debug|Any CPU.Build.0 = Debug|Any CPU
		{C74A0F9A-1D66-4AEE-B416-B74F8579AA53}.Release|Any CPU.ActiveCfg = Release|Any CPU
		{C74A0F9A-1D66-4AEE-B416-B74F8579AA53}.Release|Any CPU.Build.0 = Release|Any CPU
		{8DD792A0-933F-4DFC-AFAD-DC21F3DFFABC}.Debug|Any CPU.ActiveCfg = Debug|Any CPU
		{8DD792A0-933F-4DFC-AFAD-DC21F3DFFABC}.Debug|Any CPU.Build.0 = Debug|Any CPU
		{8DD792A0-933F-4DFC-AFAD-DC21F3DFFABC}.Release|Any CPU.ActiveCfg = Release|Any CPU
		{8DD792A0-933F-4DFC-AFAD-DC21F3DFFABC}.Release|Any CPU.Build.0 = Release|Any CPU
	EndGlobalSection
	GlobalSection(SolutionProperties) = preSolution
		HideSolutionNode = FALSE
	EndGlobalSection
	GlobalSection(ExtensibilityGlobals) = postSolution
		SolutionGuid = {4745B52A-7A24-4214-B400-D0377C14F683}
	EndGlobalSection
EndGlobal
